// !$*UTF8*$!
{
	archiveVersion = 1;
	classes = {
	};
	objectVersion = 46;
	objects = {

/* Begin PBXBuildFile section */
		6A48934E19C2FF4400B71545 /* main.m in Sources */ = {isa = PBXBuildFile; fileRef = 6A48934D19C2FF4400B71545 /* main.m */; };
		6A48935119C2FF4400B71545 /* AppDelegate.m in Sources */ = {isa = PBXBuildFile; fileRef = 6A48935019C2FF4400B71545 /* AppDelegate.m */; };
		6A48935419C2FF4400B71545 /* ViewController.m in Sources */ = {isa = PBXBuildFile; fileRef = 6A48935319C2FF4400B71545 /* ViewController.m */; };
		6A48935719C2FF4400B71545 /* Main.storyboard in Resources */ = {isa = PBXBuildFile; fileRef = 6A48935519C2FF4400B71545 /* Main.storyboard */; };
		6A48935919C2FF4400B71545 /* Images.xcassets in Resources */ = {isa = PBXBuildFile; fileRef = 6A48935819C2FF4400B71545 /* Images.xcassets */; };
		6A48935C19C2FF4400B71545 /* LaunchScreen.xib in Resources */ = {isa = PBXBuildFile; fileRef = 6A48935A19C2FF4400B71545 /* LaunchScreen.xib */; };
		6A48936819C2FF4400B71545 /* SampleCustomTextfieldTests.m in Sources */ = {isa = PBXBuildFile; fileRef = 6A48936719C2FF4400B71545 /* SampleCustomTextfieldTests.m */; };
		6A48937319C3010B00B71545 /* 50.png in Resources */ = {isa = PBXBuildFile; fileRef = 6A48937119C3010B00B71545 /* 50.png */; };
		6A48937419C3010B00B71545 /* 50@2x.png in Resources */ = {isa = PBXBuildFile; fileRef = 6A48937219C3010B00B71545 /* 50@2x.png */; };
		6A48937719C3015700B71545 /* NTTTextField.m in Sources */ = {isa = PBXBuildFile; fileRef = 6A48937619C3015700B71545 /* NTTTextField.m */; };
/* End PBXBuildFile section */

/* Begin PBXContainerItemProxy section */
		6A48936219C2FF4400B71545 /* PBXContainerItemProxy */ = {
			isa = PBXContainerItemProxy;
			containerPortal = 6A48934019C2FF4400B71545 /* Project object */;
			proxyType = 1;
			remoteGlobalIDString = 6A48934719C2FF4400B71545;
			remoteInfo = SampleCustomTextfield;
		};
/* End PBXContainerItemProxy section */

/* Begin PBXFileReference section */
		6A48934819C2FF4400B71545 /* SampleCustomTextfield.app */ = {isa = PBXFileReference; explicitFileType = wrapper.application; includeInIndex = 0; path = SampleCustomTextfield.app; sourceTree = BUILT_PRODUCTS_DIR; };
		6A48934C19C2FF4400B71545 /* Info.plist */ = {isa = PBXFileReference; lastKnownFileType = text.plist.xml; path = Info.plist; sourceTree = "<group>"; };
		6A48934D19C2FF4400B71545 /* main.m */ = {isa = PBXFileReference; lastKnownFileType = sourcecode.c.objc; path = main.m; sourceTree = "<group>"; };
		6A48934F19C2FF4400B71545 /* AppDelegate.h */ = {isa = PBXFileReference; lastKnownFileType = sourcecode.c.h; path = AppDelegate.h; sourceTree = "<group>"; };
		6A48935019C2FF4400B71545 /* AppDelegate.m */ = {isa = PBXFileReference; lastKnownFileType = sourcecode.c.objc; path = AppDelegate.m; sourceTree = "<group>"; };
		6A48935219C2FF4400B71545 /* ViewController.h */ = {isa = PBXFileReference; lastKnownFileType = sourcecode.c.h; path = ViewController.h; sourceTree = "<group>"; };
		6A48935319C2FF4400B71545 /* ViewController.m */ = {isa = PBXFileReference; lastKnownFileType = sourcecode.c.objc; path = ViewController.m; sourceTree = "<group>"; };
		6A48935619C2FF4400B71545 /* Base */ = {isa = PBXFileReference; lastKnownFileType = file.storyboard; name = Base; path = Base.lproj/Main.storyboard; sourceTree = "<group>"; };
		6A48935819C2FF4400B71545 /* Images.xcassets */ = {isa = PBXFileReference; lastKnownFileType = folder.assetcatalog; path = Images.xcassets; sourceTree = "<group>"; };
		6A48935B19C2FF4400B71545 /* Base */ = {isa = PBXFileReference; lastKnownFileType = file.xib; name = Base; path = Base.lproj/LaunchScreen.xib; sourceTree = "<group>"; };
		6A48936119C2FF4400B71545 /* SampleCustomTextfieldTests.xctest */ = {isa = PBXFileReference; explicitFileType = wrapper.cfbundle; includeInIndex = 0; path = SampleCustomTextfieldTests.xctest; sourceTree = BUILT_PRODUCTS_DIR; };
		6A48936619C2FF4400B71545 /* Info.plist */ = {isa = PBXFileReference; lastKnownFileType = text.plist.xml; path = Info.plist; sourceTree = "<group>"; };
		6A48936719C2FF4400B71545 /* SampleCustomTextfieldTests.m */ = {isa = PBXFileReference; lastKnownFileType = sourcecode.c.objc; path = SampleCustomTextfieldTests.m; sourceTree = "<group>"; };
		6A48937119C3010B00B71545 /* 50.png */ = {isa = PBXFileReference; lastKnownFileType = image.png; path = 50.png; sourceTree = "<group>"; };
		6A48937219C3010B00B71545 /* 50@2x.png */ = {isa = PBXFileReference; lastKnownFileType = image.png; path = "50@2x.png"; sourceTree = "<group>"; };
		6A48937519C3015700B71545 /* NTTTextField.h */ = {isa = PBXFileReference; fileEncoding = 4; lastKnownFileType = sourcecode.c.h; path = NTTTextField.h; sourceTree = "<group>"; };
		6A48937619C3015700B71545 /* NTTTextField.m */ = {isa = PBXFileReference; fileEncoding = 4; lastKnownFileType = sourcecode.c.objc; path = NTTTextField.m; sourceTree = "<group>"; };
/* End PBXFileReference section */

/* Begin PBXFrameworksBuildPhase section */
		6A48934519C2FF4400B71545 /* Frameworks */ = {
			isa = PBXFrameworksBuildPhase;
			buildActionMask = 2147483647;
			files = (
			);
			runOnlyForDeploymentPostprocessing = 0;
		};
		6A48935E19C2FF4400B71545 /* Frameworks */ = {
			isa = PBXFrameworksBuildPhase;
			buildActionMask = 2147483647;
			files = (
			);
			runOnlyForDeploymentPostprocessing = 0;
		};
/* End PBXFrameworksBuildPhase section */

/* Begin PBXGroup section */
		6A48933F19C2FF4400B71545 = {
			isa = PBXGroup;
			children = (
				6A48934A19C2FF4400B71545 /* SampleCustomTextfield */,
				6A48936419C2FF4400B71545 /* SampleCustomTextfieldTests */,
				6A48934919C2FF4400B71545 /* Products */,
			);
			sourceTree = "<group>";
		};
		6A48934919C2FF4400B71545 /* Products */ = {
			isa = PBXGroup;
			children = (
				6A48934819C2FF4400B71545 /* SampleCustomTextfield.app */,
				6A48936119C2FF4400B71545 /* SampleCustomTextfieldTests.xctest */,
			);
			name = Products;
			sourceTree = "<group>";
		};
		6A48934A19C2FF4400B71545 /* SampleCustomTextfield */ = {
			isa = PBXGroup;
			children = (
				6A48937119C3010B00B71545 /* 50.png */,
				6A48937219C3010B00B71545 /* 50@2x.png */,
				6A48934F19C2FF4400B71545 /* AppDelegate.h */,
				6A48935019C2FF4400B71545 /* AppDelegate.m */,
				6A48935219C2FF4400B71545 /* ViewController.h */,
				6A48935319C2FF4400B71545 /* ViewController.m */,
				6A48935519C2FF4400B71545 /* Main.storyboard */,
				6A48935819C2FF4400B71545 /* Images.xcassets */,
				6A48935A19C2FF4400B71545 /* LaunchScreen.xib */,
				6A48934B19C2FF4400B71545 /* Supporting Files */,
				6A48937519C3015700B71545 /* NTTTextField.h */,
				6A48937619C3015700B71545 /* NTTTextField.m */,
			);
			path = SampleCustomTextfield;
			sourceTree = "<group>";
		};
		6A48934B19C2FF4400B71545 /* Supporting Files */ = {
			isa = PBXGroup;
			children = (
				6A48934C19C2FF4400B71545 /* Info.plist */,
				6A48934D19C2FF4400B71545 /* main.m */,
			);
			name = "Supporting Files";
			sourceTree = "<group>";
		};
		6A48936419C2FF4400B71545 /* SampleCustomTextfieldTests */ = {
			isa = PBXGroup;
			children = (
				6A48936719C2FF4400B71545 /* SampleCustomTextfieldTests.m */,
				6A48936519C2FF4400B71545 /* Supporting Files */,
			);
			path = SampleCustomTextfieldTests;
			sourceTree = "<group>";
		};
		6A48936519C2FF4400B71545 /* Supporting Files */ = {
			isa = PBXGroup;
			children = (
				6A48936619C2FF4400B71545 /* Info.plist */,
			);
			name = "Supporting Files";
			sourceTree = "<group>";
		};
/* End PBXGroup section */

/* Begin PBXNativeTarget section */
		6A48934719C2FF4400B71545 /* SampleCustomTextfield */ = {
			isa = PBXNativeTarget;
			buildConfigurationList = 6A48936B19C2FF4400B71545 /* Build configuration list for PBXNativeTarget "SampleCustomTextfield" */;
			buildPhases = (
				6A48934419C2FF4400B71545 /* Sources */,
				6A48934519C2FF4400B71545 /* Frameworks */,
				6A48934619C2FF4400B71545 /* Resources */,
			);
			buildRules = (
			);
			dependencies = (
			);
			name = SampleCustomTextfield;
			productName = SampleCustomTextfield;
			productReference = 6A48934819C2FF4400B71545 /* SampleCustomTextfield.app */;
			productType = "com.apple.product-type.application";
		};
		6A48936019C2FF4400B71545 /* SampleCustomTextfieldTests */ = {
			isa = PBXNativeTarget;
			buildConfigurationList = 6A48936E19C2FF4400B71545 /* Build configuration list for PBXNativeTarget "SampleCustomTextfieldTests" */;
			buildPhases = (
				6A48935D19C2FF4400B71545 /* Sources */,
				6A48935E19C2FF4400B71545 /* Frameworks */,
				6A48935F19C2FF4400B71545 /* Resources */,
			);
			buildRules = (
			);
			dependencies = (
				6A48936319C2FF4400B71545 /* PBXTargetDependency */,
			);
			name = SampleCustomTextfieldTests;
			productName = SampleCustomTextfieldTests;
			productReference = 6A48936119C2FF4400B71545 /* SampleCustomTextfieldTests.xctest */;
			productType = "com.apple.product-type.bundle.unit-test";
		};
/* End PBXNativeTarget section */

/* Begin PBXProject section */
		6A48934019C2FF4400B71545 /* Project object */ = {
			isa = PBXProject;
			attributes = {
				LastUpgradeCheck = 0600;
				ORGANIZATIONNAME = "OLX Thailand";
				TargetAttributes = {
					6A48934719C2FF4400B71545 = {
						CreatedOnToolsVersion = 6.0;
					};
					6A48936019C2FF4400B71545 = {
						CreatedOnToolsVersion = 6.0;
						TestTargetID = 6A48934719C2FF4400B71545;
					};
				};
			};
			buildConfigurationList = 6A48934319C2FF4400B71545 /* Build configuration list for PBXProject "SampleCustomTextfield" */;
			compatibilityVersion = "Xcode 3.2";
			developmentRegion = English;
			hasScannedForEncodings = 0;
			knownRegions = (
				en,
				Base,
			);
			mainGroup = 6A48933F19C2FF4400B71545;
			productRefGroup = 6A48934919C2FF4400B71545 /* Products */;
			projectDirPath = "";
			projectRoot = "";
			targets = (
				6A48934719C2FF4400B71545 /* SampleCustomTextfield */,
				6A48936019C2FF4400B71545 /* SampleCustomTextfieldTests */,
			);
		};
/* End PBXProject section */

/* Begin PBXResourcesBuildPhase section */
		6A48934619C2FF4400B71545 /* Resources */ = {
			isa = PBXResourcesBuildPhase;
			buildActionMask = 2147483647;
			files = (
				6A48935719C2FF4400B71545 /* Main.storyboard in Resources */,
				6A48935C19C2FF4400B71545 /* LaunchScreen.xib in Resources */,
				6A48937319C3010B00B71545 /* 50.png in Resources */,
				6A48935919C2FF4400B71545 /* Images.xcassets in Resources */,
				6A48937419C3010B00B71545 /* 50@2x.png in Resources */,
			);
			runOnlyForDeploymentPostprocessing = 0;
		};
		6A48935F19C2FF4400B71545 /* Resources */ = {
			isa = PBXResourcesBuildPhase;
			buildActionMask = 2147483647;
			files = (
			);
			runOnlyForDeploymentPostprocessing = 0;
		};
/* End PBXResourcesBuildPhase section */

/* Begin PBXSourcesBuildPhase section */
		6A48934419C2FF4400B71545 /* Sources */ = {
			isa = PBXSourcesBuildPhase;
			buildActionMask = 2147483647;
			files = (
				6A48937719C3015700B71545 /* NTTTextField.m in Sources */,
				6A48935419C2FF4400B71545 /* ViewController.m in Sources */,
				6A48935119C2FF4400B71545 /* AppDelegate.m in Sources */,
				6A48934E19C2FF4400B71545 /* main.m in Sources */,
			);
			runOnlyForDeploymentPostprocessing = 0;
		};
		6A48935D19C2FF4400B71545 /* Sources */ = {
			isa = PBXSourcesBuildPhase;
			buildActionMask = 2147483647;
			files = (
				6A48936819C2FF4400B71545 /* SampleCustomTextfieldTests.m in Sources */,
			);
			runOnlyForDeploymentPostprocessing = 0;
		};
/* End PBXSourcesBuildPhase section */

/* Begin PBXTargetDependency section */
		6A48936319C2FF4400B71545 /* PBXTargetDependency */ = {
			isa = PBXTargetDependency;
			target = 6A48934719C2FF4400B71545 /* SampleCustomTextfield */;
			targetProxy = 6A48936219C2FF4400B71545 /* PBXContainerItemProxy */;
		};
/* End PBXTargetDependency section */

/* Begin PBXVariantGroup section */
		6A48935519C2FF4400B71545 /* Main.storyboard */ = {
			isa = PBXVariantGroup;
			children = (
				6A48935619C2FF4400B71545 /* Base */,
			);
			name = Main.storyboard;
			sourceTree = "<group>";
		};
		6A48935A19C2FF4400B71545 /* LaunchScreen.xib */ = {
			isa = PBXVariantGroup;
			children = (
				6A48935B19C2FF4400B71545 /* Base */,
			);
			name = LaunchScreen.xib;
			sourceTree = "<group>";
		};
/* End PBXVariantGroup section */

/* Begin XCBuildConfiguration section */
		6A48936919C2FF4400B71545 /* Debug */ = {
			isa = XCBuildConfiguration;
			buildSettings = {
				ALWAYS_SEARCH_USER_PATHS = NO;
				CLANG_CXX_LANGUAGE_STANDARD = "gnu++0x";
				CLANG_CXX_LIBRARY = "libc++";
				CLANG_ENABLE_MODULES = YES;
				CLANG_ENABLE_OBJC_ARC = YES;
				CLANG_WARN_BOOL_CONVERSION = YES;
				CLANG_WARN_CONSTANT_CONVERSION = YES;
				CLANG_WARN_DIRECT_OBJC_ISA_USAGE = YES_ERROR;
				CLANG_WARN_EMPTY_BODY = YES;
				CLANG_WARN_ENUM_CONVERSION = YES;
				CLANG_WARN_INT_CONVERSION = YES;
				CLANG_WARN_OBJC_ROOT_CLASS = YES_ERROR;
				CLANG_WARN_UNREACHABLE_CODE = YES;
				CLANG_WARN__DUPLICATE_METHOD_MATCH = YES;
				"CODE_SIGN_IDENTITY[sdk=iphoneos*]" = "iPhone Developer";
				COPY_PHASE_STRIP = NO;
				ENABLE_STRICT_OBJC_MSGSEND = YES;
				GCC_C_LANGUAGE_STANDARD = gnu99;
				GCC_DYNAMIC_NO_PIC = NO;
				GCC_OPTIMIZATION_LEVEL = 0;
				GCC_PREPROCESSOR_DEFINITIONS = (
					"DEBUG=1",
					"$(inherited)",
				);
				GCC_SYMBOLS_PRIVATE_EXTERN = NO;
				GCC_WARN_64_TO_32_BIT_CONVERSION = YES;
				GCC_WARN_ABOUT_RETURN_TYPE = YES_ERROR;
				GCC_WARN_UNDECLARED_SELECTOR = YES;
				GCC_WARN_UNINITIALIZED_AUTOS = YES_AGGRESSIVE;
				GCC_WARN_UNUSED_FUNCTION = YES;
				GCC_WARN_UNUSED_VARIABLE = YES;
				IPHONEOS_DEPLOYMENT_TARGET = 8.0;
				MTL_ENABLE_DEBUG_INFO = YES;
				ONLY_ACTIVE_ARCH = YES;
				SDKROOT = iphoneos;
				TARGETED_DEVICE_FAMILY = "1,2";
			};
			name = Debug;
		};
		6A48936A19C2FF4400B71545 /* Release */ = {
			isa = XCBuildConfiguration;
			buildSettings = {
				ALWAYS_SEARCH_USER_PATHS = NO;
				CLANG_CXX_LANGUAGE_STANDARD = "gnu++0x";
				CLANG_CXX_LIBRARY = "libc++";
				CLANG_ENABLE_MODULES = YES;
				CLANG_ENABLE_OBJC_ARC = YES;
				CLANG_WARN_BOOL_CONVERSION = YES;
				CLANG_WARN_CONSTANT_CONVERSION = YES;
				CLANG_WARN_DIRECT_OBJC_ISA_USAGE = YES_ERROR;
				CLANG_WARN_EMPTY_BODY = YES;
				CLANG_WARN_ENUM_CONVERSION = YES;
				CLANG_WARN_INT_CONVERSION = YES;
				CLANG_WARN_OBJC_ROOT_CLASS = YES_ERROR;
				CLANG_WARN_UNREACHABLE_CODE = YES;
				CLANG_WARN__DUPLICATE_METHOD_MATCH = YES;
				"CODE_SIGN_IDENTITY[sdk=iphoneos*]" = "iPhone Developer";
				COPY_PHASE_STRIP = YES;
				ENABLE_NS_ASSERTIONS = NO;
				ENABLE_STRICT_OBJC_MSGSEND = YES;
				GCC_C_LANGUAGE_STANDARD = gnu99;
				GCC_WARN_64_TO_32_BIT_CONVERSION = YES;
				GCC_WARN_ABOUT_RETURN_TYPE = YES_ERROR;
				GCC_WARN_UNDECLARED_SELECTOR = YES;
				GCC_WARN_UNINITIALIZED_AUTOS = YES_AGGRESSIVE;
				GCC_WARN_UNUSED_FUNCTION = YES;
				GCC_WARN_UNUSED_VARIABLE = YES;
				IPHONEOS_DEPLOYMENT_TARGET = 8.0;
				MTL_ENABLE_DEBUG_INFO = NO;
				SDKROOT = iphoneos;
				TARGETED_DEVICE_FAMILY = "1,2";
				VALIDATE_PRODUCT = YES;
			};
			name = Release;
		};
		6A48936C19C2FF4400B71545 /* Debug */ = {
			isa = XCBuildConfiguration;
			buildSettings = {
				ASSETCATALOG_COMPILER_APPICON_NAME = AppIcon;
				INFOPLIST_FILE = SampleCustomTextfield/Info.plist;
				LD_RUNPATH_SEARCH_PATHS = "$(inherited) @executable_path/Frameworks";
				PRODUCT_NAME = "$(TARGET_NAME)";
			};
			name = Debug;
		};
		6A48936D19C2FF4400B71545 /* Release */ = {
			isa = XCBuildConfiguration;
			buildSettings = {
				ASSETCATALOG_COMPILER_APPICON_NAME = AppIcon;
				INFOPLIST_FILE = SampleCustomTextfield/Info.plist;
				LD_RUNPATH_SEARCH_PATHS = "$(inherited) @executable_path/Frameworks";
				PRODUCT_NAME = "$(TARGET_NAME)";
			};
			name = Release;
		};
		6A48936F19C2FF4400B71545 /* Debug */ = {
			isa = XCBuildConfiguration;
			buildSettings = {
				BUNDLE_LOADER = "$(TEST_HOST)";
				FRAMEWORK_SEARCH_PATHS = (
					"$(SDKROOT)/Developer/Library/Frameworks",
					"$(inherited)",
				);
				GCC_PREPROCESSOR_DEFINITIONS = (
					"DEBUG=1",
					"$(inherited)",
				);
				INFOPLIST_FILE = SampleCustomTextfieldTests/Info.plist;
				LD_RUNPATH_SEARCH_PATHS = "$(inherited) @executable_path/Frameworks @loader_path/Frameworks";
				PRODUCT_NAME = "$(TARGET_NAME)";
				TEST_HOST = "$(BUILT_PRODUCTS_DIR)/SampleCustomTextfield.app/SampleCustomTextfield";
			};
			name = Debug;
		};
		6A48937019C2FF4400B71545 /* Release */ = {
			isa = XCBuildConfiguration;
			buildSettings = {
				BUNDLE_LOADER = "$(TEST_HOST)";
				FRAMEWORK_SEARCH_PATHS = (
					"$(SDKROOT)/Developer/Library/Frameworks",
					"$(inherited)",
				);
				INFOPLIST_FILE = SampleCustomTextfieldTests/Info.plist;
				LD_RUNPATH_SEARCH_PATHS = "$(inherited) @executable_path/Frameworks @loader_path/Frameworks";
				PRODUCT_NAME = "$(TARGET_NAME)";
				TEST_HOST = "$(BUILT_PRODUCTS_DIR)/SampleCustomTextfield.app/SampleCustomTextfield";
			};
			name = Release;
		};
/* End XCBuildConfiguration section */

/* Begin XCConfigurationList section */
		6A48934319C2FF4400B71545 /* Build configuration list for PBXProject "SampleCustomTextfield" */ = {
			isa = XCConfigurationList;
			buildConfigurations = (
				6A48936919C2FF4400B71545 /* Debug */,
				6A48936A19C2FF4400B71545 /* Release */,
			);
			defaultConfigurationIsVisible = 0;
			defaultConfigurationName = Release;
		};
		6A48936B19C2FF4400B71545 /* Build configuration list for PBXNativeTarget "SampleCustomTextfield" */ = {
			isa = XCConfigurationList;
			buildConfigurations = (
				6A48936C19C2FF4400B71545 /* Debug */,
				6A48936D19C2FF4400B71545 /* Release */,
			);
			defaultConfigurationIsVisible = 0;
		};
		6A48936E19C2FF4400B71545 /* Build configuration list for PBXNativeTarget "SampleCustomTextfieldTests" */ = {
			isa = XCConfigurationList;
			buildConfigurations = (
				6A48936F19C2FF4400B71545 /* Debug */,
				6A48937019C2FF4400B71545 /* Release */,
			);
			defaultConfigurationIsVisible = 0;
		};
/* End XCConfigurationList section */
	};
	rootObject = 6A48934019C2FF4400B71545 /* Project object */;
}
